// !$*UTF8*$!
{
	archiveVersion = 1;
	classes = {
	};
	objectVersion = 46;
	objects = {

/* Begin PBXBuildFile section */
		3E0E7A4E1BCDEE8E00A4E09C /* AppDelegate.swift in Sources */ = {isa = PBXBuildFile; fileRef = 3E0E7A4D1BCDEE8E00A4E09C /* AppDelegate.swift */; };
		3E0E7A511BCDEE8E00A4E09C /* Assignment3.xcdatamodeld in Sources */ = {isa = PBXBuildFile; fileRef = 3E0E7A4F1BCDEE8E00A4E09C /* Assignment3.xcdatamodeld */; };
		3E0E7A531BCDEE8E00A4E09C /* ViewController.swift in Sources */ = {isa = PBXBuildFile; fileRef = 3E0E7A521BCDEE8E00A4E09C /* ViewController.swift */; };
		3E0E7A561BCDEE8E00A4E09C /* Main.storyboard in Resources */ = {isa = PBXBuildFile; fileRef = 3E0E7A541BCDEE8E00A4E09C /* Main.storyboard */; };
		3E0E7A581BCDEE8E00A4E09C /* Images.xcassets in Resources */ = {isa = PBXBuildFile; fileRef = 3E0E7A571BCDEE8E00A4E09C /* Images.xcassets */; };
		3E0E7A5B1BCDEE8E00A4E09C /* LaunchScreen.xib in Resources */ = {isa = PBXBuildFile; fileRef = 3E0E7A591BCDEE8E00A4E09C /* LaunchScreen.xib */; };
		3E0E7A671BCDEE8E00A4E09C /* Assignment3Tests.swift in Sources */ = {isa = PBXBuildFile; fileRef = 3E0E7A661BCDEE8E00A4E09C /* Assignment3Tests.swift */; };
		3E7DB1231BD38D85001788DF /* SurfForcastService.swift in Sources */ = {isa = PBXBuildFile; fileRef = 3E7DB1221BD38D85001788DF /* SurfForcastService.swift */; };
/* End PBXBuildFile section */

/* Begin PBXContainerItemProxy section */
		3E0E7A611BCDEE8E00A4E09C /* PBXContainerItemProxy */ = {
			isa = PBXContainerItemProxy;
			containerPortal = 3E0E7A401BCDEE8E00A4E09C /* Project object */;
			proxyType = 1;
			remoteGlobalIDString = 3E0E7A471BCDEE8E00A4E09C;
			remoteInfo = Assignment3;
		};
/* End PBXContainerItemProxy section */

/* Begin PBXFileReference section */
		3E0E7A481BCDEE8E00A4E09C /* Assignment3.app */ = {isa = PBXFileReference; explicitFileType = wrapper.application; includeInIndex = 0; path = Assignment3.app; sourceTree = BUILT_PRODUCTS_DIR; };
		3E0E7A4C1BCDEE8E00A4E09C /* Info.plist */ = {isa = PBXFileReference; lastKnownFileType = text.plist.xml; path = Info.plist; sourceTree = "<group>"; };
		3E0E7A4D1BCDEE8E00A4E09C /* AppDelegate.swift */ = {isa = PBXFileReference; lastKnownFileType = sourcecode.swift; path = AppDelegate.swift; sourceTree = "<group>"; };
		3E0E7A501BCDEE8E00A4E09C /* Assignment3.xcdatamodel */ = {isa = PBXFileReference; lastKnownFileType = wrapper.xcdatamodel; path = Assignment3.xcdatamodel; sourceTree = "<group>"; };
		3E0E7A521BCDEE8E00A4E09C /* ViewController.swift */ = {isa = PBXFileReference; lastKnownFileType = sourcecode.swift; path = ViewController.swift; sourceTree = "<group>"; };
		3E0E7A551BCDEE8E00A4E09C /* Base */ = {isa = PBXFileReference; lastKnownFileType = file.storyboard; name = Base; path = Base.lproj/Main.storyboard; sourceTree = "<group>"; };
		3E0E7A571BCDEE8E00A4E09C /* Images.xcassets */ = {isa = PBXFileReference; lastKnownFileType = folder.assetcatalog; path = Images.xcassets; sourceTree = "<group>"; };
		3E0E7A5A1BCDEE8E00A4E09C /* Base */ = {isa = PBXFileReference; lastKnownFileType = file.xib; name = Base; path = Base.lproj/LaunchScreen.xib; sourceTree = "<group>"; };
		3E0E7A601BCDEE8E00A4E09C /* Assignment3Tests.xctest */ = {isa = PBXFileReference; explicitFileType = wrapper.cfbundle; includeInIndex = 0; path = Assignment3Tests.xctest; sourceTree = BUILT_PRODUCTS_DIR; };
		3E0E7A651BCDEE8E00A4E09C /* Info.plist */ = {isa = PBXFileReference; lastKnownFileType = text.plist.xml; path = Info.plist; sourceTree = "<group>"; };
		3E0E7A661BCDEE8E00A4E09C /* Assignment3Tests.swift */ = {isa = PBXFileReference; lastKnownFileType = sourcecode.swift; path = Assignment3Tests.swift; sourceTree = "<group>"; };
		3E7DB1221BD38D85001788DF /* SurfForcastService.swift */ = {isa = PBXFileReference; fileEncoding = 4; lastKnownFileType = sourcecode.swift; path = SurfForcastService.swift; sourceTree = "<group>"; };
/* End PBXFileReference section */

/* Begin PBXFrameworksBuildPhase section */
		3E0E7A451BCDEE8E00A4E09C /* Frameworks */ = {
			isa = PBXFrameworksBuildPhase;
			buildActionMask = 2147483647;
			files = (
			);
			runOnlyForDeploymentPostprocessing = 0;
		};
		3E0E7A5D1BCDEE8E00A4E09C /* Frameworks */ = {
			isa = PBXFrameworksBuildPhase;
			buildActionMask = 2147483647;
			files = (
			);
			runOnlyForDeploymentPostprocessing = 0;
		};
/* End PBXFrameworksBuildPhase section */

/* Begin PBXGroup section */
		3E0E7A3F1BCDEE8E00A4E09C = {
			isa = PBXGroup;
			children = (
				3E0E7A4A1BCDEE8E00A4E09C /* Assignment3 */,
				3E0E7A631BCDEE8E00A4E09C /* Assignment3Tests */,
				3E0E7A491BCDEE8E00A4E09C /* Products */,
			);
			sourceTree = "<group>";
		};
		3E0E7A491BCDEE8E00A4E09C /* Products */ = {
			isa = PBXGroup;
			children = (
				3E0E7A481BCDEE8E00A4E09C /* Assignment3.app */,
				3E0E7A601BCDEE8E00A4E09C /* Assignment3Tests.xctest */,
			);
			name = Products;
			sourceTree = "<group>";
		};
		3E0E7A4A1BCDEE8E00A4E09C /* Assignment3 */ = {
			isa = PBXGroup;
			children = (
				3E0E7A4D1BCDEE8E00A4E09C /* AppDelegate.swift */,
				3E0E7A521BCDEE8E00A4E09C /* ViewController.swift */,
				3E0E7A541BCDEE8E00A4E09C /* Main.storyboard */,
				3E0E7A571BCDEE8E00A4E09C /* Images.xcassets */,
				3E0E7A591BCDEE8E00A4E09C /* LaunchScreen.xib */,
				3E0E7A4F1BCDEE8E00A4E09C /* Assignment3.xcdatamodeld */,
				3E0E7A4B1BCDEE8E00A4E09C /* Supporting Files */,
				3E7DB1221BD38D85001788DF /* SurfForcastService.swift */,
			);
			path = Assignment3;
			sourceTree = "<group>";
		};
		3E0E7A4B1BCDEE8E00A4E09C /* Supporting Files */ = {
			isa = PBXGroup;
			children = (
				3E0E7A4C1BCDEE8E00A4E09C /* Info.plist */,
			);
			name = "Supporting Files";
			sourceTree = "<group>";
		};
		3E0E7A631BCDEE8E00A4E09C /* Assignment3Tests */ = {
			isa = PBXGroup;
			children = (
				3E0E7A661BCDEE8E00A4E09C /* Assignment3Tests.swift */,
				3E0E7A641BCDEE8E00A4E09C /* Supporting Files */,
			);
			path = Assignment3Tests;
			sourceTree = "<group>";
		};
		3E0E7A641BCDEE8E00A4E09C /* Supporting Files */ = {
			isa = PBXGroup;
			children = (
				3E0E7A651BCDEE8E00A4E09C /* Info.plist */,
			);
			name = "Supporting Files";
			sourceTree = "<group>";
		};
/* End PBXGroup section */

/* Begin PBXNativeTarget section */
		3E0E7A471BCDEE8E00A4E09C /* Assignment3 */ = {
			isa = PBXNativeTarget;
			buildConfigurationList = 3E0E7A6A1BCDEE8E00A4E09C /* Build configuration list for PBXNativeTarget "Assignment3" */;
			buildPhases = (
				3E0E7A441BCDEE8E00A4E09C /* Sources */,
				3E0E7A451BCDEE8E00A4E09C /* Frameworks */,
				3E0E7A461BCDEE8E00A4E09C /* Resources */,
			);
			buildRules = (
			);
			dependencies = (
			);
			name = Assignment3;
			productName = Assignment3;
			productReference = 3E0E7A481BCDEE8E00A4E09C /* Assignment3.app */;
			productType = "com.apple.product-type.application";
		};
		3E0E7A5F1BCDEE8E00A4E09C /* Assignment3Tests */ = {
			isa = PBXNativeTarget;
			buildConfigurationList = 3E0E7A6D1BCDEE8E00A4E09C /* Build configuration list for PBXNativeTarget "Assignment3Tests" */;
			buildPhases = (
				3E0E7A5C1BCDEE8E00A4E09C /* Sources */,
				3E0E7A5D1BCDEE8E00A4E09C /* Frameworks */,
				3E0E7A5E1BCDEE8E00A4E09C /* Resources */,
			);
			buildRules = (
			);
			dependencies = (
				3E0E7A621BCDEE8E00A4E09C /* PBXTargetDependency */,
			);
			name = Assignment3Tests;
			productName = Assignment3Tests;
			productReference = 3E0E7A601BCDEE8E00A4E09C /* Assignment3Tests.xctest */;
			productType = "com.apple.product-type.bundle.unit-test";
		};
/* End PBXNativeTarget section */

/* Begin PBXProject section */
		3E0E7A401BCDEE8E00A4E09C /* Project object */ = {
			isa = PBXProject;
			attributes = {
				LastUpgradeCheck = 0630;
				ORGANIZATIONNAME = "Daniel Del Core";
				TargetAttributes = {
					3E0E7A471BCDEE8E00A4E09C = {
						CreatedOnToolsVersion = 6.3;
					};
					3E0E7A5F1BCDEE8E00A4E09C = {
						CreatedOnToolsVersion = 6.3;
						TestTargetID = 3E0E7A471BCDEE8E00A4E09C;
					};
				};
			};
			buildConfigurationList = 3E0E7A431BCDEE8E00A4E09C /* Build configuration list for PBXProject "Assignment3" */;
			compatibilityVersion = "Xcode 3.2";
			developmentRegion = English;
			hasScannedForEncodings = 0;
			knownRegions = (
				en,
				Base,
			);
			mainGroup = 3E0E7A3F1BCDEE8E00A4E09C;
			productRefGroup = 3E0E7A491BCDEE8E00A4E09C /* Products */;
			projectDirPath = "";
			projectRoot = "";
			targets = (
				3E0E7A471BCDEE8E00A4E09C /* Assignment3 */,
				3E0E7A5F1BCDEE8E00A4E09C /* Assignment3Tests */,
			);
		};
/* End PBXProject section */

/* Begin PBXResourcesBuildPhase section */
		3E0E7A461BCDEE8E00A4E09C /* Resources */ = {
			isa = PBXResourcesBuildPhase;
			buildActionMask = 2147483647;
			files = (
				3E0E7A561BCDEE8E00A4E09C /* Main.storyboard in Resources */,
				3E0E7A5B1BCDEE8E00A4E09C /* LaunchScreen.xib in Resources */,
				3E0E7A581BCDEE8E00A4E09C /* Images.xcassets in Resources */,
			);
			runOnlyForDeploymentPostprocessing = 0;
		};
		3E0E7A5E1BCDEE8E00A4E09C /* Resources */ = {
			isa = PBXResourcesBuildPhase;
			buildActionMask = 2147483647;
			files = (
			);
			runOnlyForDeploymentPostprocessing = 0;
		};
/* End PBXResourcesBuildPhase section */

/* Begin PBXSourcesBuildPhase section */
		3E0E7A441BCDEE8E00A4E09C /* Sources */ = {
			isa = PBXSourcesBuildPhase;
			buildActionMask = 2147483647;
			files = (
				3E0E7A531BCDEE8E00A4E09C /* ViewController.swift in Sources */,
				3E0E7A511BCDEE8E00A4E09C /* Assignment3.xcdatamodeld in Sources */,
				3E7DB1231BD38D85001788DF /* SurfForcastService.swift in Sources */,
				3E0E7A4E1BCDEE8E00A4E09C /* AppDelegate.swift in Sources */,
			);
			runOnlyForDeploymentPostprocessing = 0;
		};
		3E0E7A5C1BCDEE8E00A4E09C /* Sources */ = {
			isa = PBXSourcesBuildPhase;
			buildActionMask = 2147483647;
			files = (
				3E0E7A671BCDEE8E00A4E09C /* Assignment3Tests.swift in Sources */,
			);
			runOnlyForDeploymentPostprocessing = 0;
		};
/* End PBXSourcesBuildPhase section */

/* Begin PBXTargetDependency section */
		3E0E7A621BCDEE8E00A4E09C /* PBXTargetDependency */ = {
			isa = PBXTargetDependency;
			target = 3E0E7A471BCDEE8E00A4E09C /* Assignment3 */;
			targetProxy = 3E0E7A611BCDEE8E00A4E09C /* PBXContainerItemProxy */;
		};
/* End PBXTargetDependency section */

/* Begin PBXVariantGroup section */
		3E0E7A541BCDEE8E00A4E09C /* Main.storyboard */ = {
			isa = PBXVariantGroup;
			children = (
				3E0E7A551BCDEE8E00A4E09C /* Base */,
			);
			name = Main.storyboard;
			sourceTree = "<group>";
		};
		3E0E7A591BCDEE8E00A4E09C /* LaunchScreen.xib */ = {
			isa = PBXVariantGroup;
			children = (
				3E0E7A5A1BCDEE8E00A4E09C /* Base */,
			);
			name = LaunchScreen.xib;
			sourceTree = "<group>";
		};
/* End PBXVariantGroup section */

/* Begin XCBuildConfiguration section */
		3E0E7A681BCDEE8E00A4E09C /* Debug */ = {
			isa = XCBuildConfiguration;
			buildSettings = {
				ALWAYS_SEARCH_USER_PATHS = NO;
				CLANG_CXX_LANGUAGE_STANDARD = "gnu++0x";
				CLANG_CXX_LIBRARY = "libc++";
				CLANG_ENABLE_MODULES = YES;
				CLANG_ENABLE_OBJC_ARC = YES;
				CLANG_WARN_BOOL_CONVERSION = YES;
				CLANG_WARN_CONSTANT_CONVERSION = YES;
				CLANG_WARN_DIRECT_OBJC_ISA_USAGE = YES_ERROR;
				CLANG_WARN_EMPTY_BODY = YES;
				CLANG_WARN_ENUM_CONVERSION = YES;
				CLANG_WARN_INT_CONVERSION = YES;
				CLANG_WARN_OBJC_ROOT_CLASS = YES_ERROR;
				CLANG_WARN_UNREACHABLE_CODE = YES;
				CLANG_WARN__DUPLICATE_METHOD_MATCH = YES;
				"CODE_SIGN_IDENTITY[sdk=iphoneos*]" = "iPhone Developer";
				COPY_PHASE_STRIP = NO;
				DEBUG_INFORMATION_FORMAT = "dwarf-with-dsym";
				ENABLE_STRICT_OBJC_MSGSEND = YES;
				GCC_C_LANGUAGE_STANDARD = gnu99;
				GCC_DYNAMIC_NO_PIC = NO;
				GCC_NO_COMMON_BLOCKS = YES;
				GCC_OPTIMIZATION_LEVEL = 0;
				GCC_PREPROCESSOR_DEFINITIONS = (
					"DEBUG=1",
					"$(inherited)",
				);
				GCC_SYMBOLS_PRIVATE_EXTERN = NO;
				GCC_WARN_64_TO_32_BIT_CONVERSION = YES;
				GCC_WARN_ABOUT_RETURN_TYPE = YES_ERROR;
				GCC_WARN_UNDECLARED_SELECTOR = YES;
				GCC_WARN_UNINITIALIZED_AUTOS = YES_AGGRESSIVE;
				GCC_WARN_UNUSED_FUNCTION = YES;
				GCC_WARN_UNUSED_VARIABLE = YES;
				IPHONEOS_DEPLOYMENT_TARGET = 8.3;
				MTL_ENABLE_DEBUG_INFO = YES;
				ONLY_ACTIVE_ARCH = YES;
				SDKROOT = iphoneos;
				SWIFT_OPTIMIZATION_LEVEL = "-Onone";
				TARGETED_DEVICE_FAMILY = "1,2";
			};
			name = Debug;
		};
		3E0E7A691BCDEE8E00A4E09C /* Release */ = {
			isa = XCBuildConfiguration;
			buildSettings = {
				ALWAYS_SEARCH_USER_PATHS = NO;
				CLANG_CXX_LANGUAGE_STANDARD = "gnu++0x";
				CLANG_CXX_LIBRARY = "libc++";
				CLANG_ENABLE_MODULES = YES;
				CLANG_ENABLE_OBJC_ARC = YES;
				CLANG_WARN_BOOL_CONVERSION = YES;
				CLANG_WARN_CONSTANT_CONVERSION = YES;
				CLANG_WARN_DIRECT_OBJC_ISA_USAGE = YES_ERROR;
				CLANG_WARN_EMPTY_BODY = YES;
				CLANG_WARN_ENUM_CONVERSION = YES;
				CLANG_WARN_INT_CONVERSION = YES;
				CLANG_WARN_OBJC_ROOT_CLASS = YES_ERROR;
				CLANG_WARN_UNREACHABLE_CODE = YES;
				CLANG_WARN__DUPLICATE_METHOD_MATCH = YES;
				"CODE_SIGN_IDENTITY[sdk=iphoneos*]" = "iPhone Developer";
				COPY_PHASE_STRIP = NO;
				DEBUG_INFORMATION_FORMAT = "dwarf-with-dsym";
				ENABLE_NS_ASSERTIONS = NO;
				ENABLE_STRICT_OBJC_MSGSEND = YES;
				GCC_C_LANGUAGE_STANDARD = gnu99;
				GCC_NO_COMMON_BLOCKS = YES;
				GCC_WARN_64_TO_32_BIT_CONVERSION = YES;
				GCC_WARN_ABOUT_RETURN_TYPE = YES_ERROR;
				GCC_WARN_UNDECLARED_SELECTOR = YES;
				GCC_WARN_UNINITIALIZED_AUTOS = YES_AGGRESSIVE;
				GCC_WARN_UNUSED_FUNCTION = YES;
				GCC_WARN_UNUSED_VARIABLE = YES;
				IPHONEOS_DEPLOYMENT_TARGET = 8.3;
				MTL_ENABLE_DEBUG_INFO = NO;
				SDKROOT = iphoneos;
				TARGETED_DEVICE_FAMILY = "1,2";
				VALIDATE_PRODUCT = YES;
			};
			name = Release;
		};
		3E0E7A6B1BCDEE8E00A4E09C /* Debug */ = {
			isa = XCBuildConfiguration;
			buildSettings = {
				ASSETCATALOG_COMPILER_APPICON_NAME = AppIcon;
				INFOPLIST_FILE = Assignment3/Info.plist;
				LD_RUNPATH_SEARCH_PATHS = "$(inherited) @executable_path/Frameworks";
				PRODUCT_NAME = "$(TARGET_NAME)";
			};
			name = Debug;
		};
		3E0E7A6C1BCDEE8E00A4E09C /* Release */ = {
			isa = XCBuildConfiguration;
			buildSettings = {
				ASSETCATALOG_COMPILER_APPICON_NAME = AppIcon;
				INFOPLIST_FILE = Assignment3/Info.plist;
				LD_RUNPATH_SEARCH_PATHS = "$(inherited) @executable_path/Frameworks";
				PRODUCT_NAME = "$(TARGET_NAME)";
			};
			name = Release;
		};
		3E0E7A6E1BCDEE8E00A4E09C /* Debug */ = {
			isa = XCBuildConfiguration;
			buildSettings = {
				BUNDLE_LOADER = "$(TEST_HOST)";
				FRAMEWORK_SEARCH_PATHS = (
					"$(SDKROOT)/Developer/Library/Frameworks",
					"$(inherited)",
				);
				GCC_PREPROCESSOR_DEFINITIONS = (
					"DEBUG=1",
					"$(inherited)",
				);
				INFOPLIST_FILE = Assignment3Tests/Info.plist;
				LD_RUNPATH_SEARCH_PATHS = "$(inherited) @executable_path/Frameworks @loader_path/Frameworks";
				PRODUCT_NAME = "$(TARGET_NAME)";
				TEST_HOST = "$(BUILT_PRODUCTS_DIR)/Assignment3.app/Assignment3";
			};
			name = Debug;
		};
		3E0E7A6F1BCDEE8E00A4E09C /* Release */ = {
			isa = XCBuildConfiguration;
			buildSettings = {
				BUNDLE_LOADER = "$(TEST_HOST)";
				FRAMEWORK_SEARCH_PATHS = (
					"$(SDKROOT)/Developer/Library/Frameworks",
					"$(inherited)",
				);
				INFOPLIST_FILE = Assignment3Tests/Info.plist;
				LD_RUNPATH_SEARCH_PATHS = "$(inherited) @executable_path/Frameworks @loader_path/Frameworks";
				PRODUCT_NAME = "$(TARGET_NAME)";
				TEST_HOST = "$(BUILT_PRODUCTS_DIR)/Assignment3.app/Assignment3";
			};
			name = Release;
		};
/* End XCBuildConfiguration section */

/* Begin XCConfigurationList section */
		3E0E7A431BCDEE8E00A4E09C /* Build configuration list for PBXProject "Assignment3" */ = {
			isa = XCConfigurationList;
			buildConfigurations = (
				3E0E7A681BCDEE8E00A4E09C /* Debug */,
				3E0E7A691BCDEE8E00A4E09C /* Release */,
			);
			defaultConfigurationIsVisible = 0;
			defaultConfigurationName = Release;
		};
		3E0E7A6A1BCDEE8E00A4E09C /* Build configuration list for PBXNativeTarget "Assignment3" */ = {
			isa = XCConfigurationList;
			buildConfigurations = (
				3E0E7A6B1BCDEE8E00A4E09C /* Debug */,
				3E0E7A6C1BCDEE8E00A4E09C /* Release */,
			);
			defaultConfigurationIsVisible = 0;
			defaultConfigurationName = Release;
		};
		3E0E7A6D1BCDEE8E00A4E09C /* Build configuration list for PBXNativeTarget "Assignment3Tests" */ = {
			isa = XCConfigurationList;
			buildConfigurations = (
				3E0E7A6E1BCDEE8E00A4E09C /* Debug */,
				3E0E7A6F1BCDEE8E00A4E09C /* Release */,
			);
			defaultConfigurationIsVisible = 0;
			defaultConfigurationName = Release;
		};
/* End XCConfigurationList section */

/* Begin XCVersionGroup section */
		3E0E7A4F1BCDEE8E00A4E09C /* Assignment3.xcdatamodeld */ = {
			isa = XCVersionGroup;
			children = (
				3E0E7A501BCDEE8E00A4E09C /* Assignment3.xcdatamodel */,
			);
			currentVersion = 3E0E7A501BCDEE8E00A4E09C /* Assignment3.xcdatamodel */;
			path = Assignment3.xcdatamodeld;
			sourceTree = "<group>";
			versionGroupType = wrapper.xcdatamodel;
		};
/* End XCVersionGroup section */
	};
	rootObject = 3E0E7A401BCDEE8E00A4E09C /* Project object */;
}
